Microsoft Visual Studio Solution File, Format Version 12.00
# Visual Studio Version 16
VisualStudioVersion = 16.0.29009.5
MinimumVisualStudioVersion = 10.0.40219.1
Project("{2150E333-8FDC-42A3-9474-1A3956D46DE8}") = "Samples", "Samples", "{D6B087D5-83D0-4351-8C40-47F165A17A8B}"
EndProject
Project("{FAE04EC0-301F-11D3-BF4B-00C04F79EFBC}") = "Yaclp", "Yaclp\Yaclp.csproj", "{CFD20C13-3D2B-402E-B89D-6120DAC9B2E4}"
EndProject
Project("{FAE04EC0-301F-11D3-BF4B-00C04F79EFBC}") = "Yaclp.Tests.WhiteBox", "Yaclp.Tests.WhiteBox\Yaclp.Tests.WhiteBox.csproj", "{151C8317-B7CE-41D8-81AB-98C32BC054F0}"
EndProject
Project("{FAE04EC0-301F-11D3-BF4B-00C04F79EFBC}") = "Yaclp.Samples.Sample1", "Yaclp.Samples.Sample1\Yaclp.Samples.Sample1.csproj", "{28F931CA-7648-4F0E-90C1-5165B6EED3BF}"
EndProject
Project("{FAE04EC0-301F-11D3-BF4B-00C04F79EFBC}") = "Yaclp.Samples.Sample2", "Yaclp.Samples.Sample2\Yaclp.Samples.Sample2.csproj", "{98E05333-E48D-4EB1-9EE9-03A14A268435}"
EndProject
Global
	GlobalSection(SolutionConfigurationPlatforms) = preSolution
		Debug|Any CPU = Debug|Any CPU
		Release|Any CPU = Release|Any CPU
	EndGlobalSection
	GlobalSection(ProjectConfigurationPlatforms) = postSolution
		{CFD20C13-3D2B-402E-B89D-6120DAC9B2E4}.Debug|Any CPU.ActiveCfg = Debug|Any CPU
		{CFD20C13-3D2B-402E-B89D-6120DAC9B2E4}.Debug|Any CPU.Build.0 = Debug|Any CPU
		{CFD20C13-3D2B-402E-B89D-6120DAC9B2E4}.Release|Any CPU.ActiveCfg = Release|Any CPU
		{CFD20C13-3D2B-402E-B89D-6120DAC9B2E4}.Release|Any CPU.Build.0 = Release|Any CPU
		{151C8317-B7CE-41D8-81AB-98C32BC054F0}.Debug|Any CPU.ActiveCfg = Debug|Any CPU
		{151C8317-B7CE-41D8-81AB-98C32BC054F0}.Debug|Any CPU.Build.0 = Debug|Any CPU
		{151C8317-B7CE-41D8-81AB-98C32BC054F0}.Release|Any CPU.ActiveCfg = Release|Any CPU
		{151C8317-B7CE-41D8-81AB-98C32BC054F0}.Release|Any CPU.Build.0 = Release|Any CPU
		{28F931CA-7648-4F0E-90C1-5165B6EED3BF}.Debug|Any CPU.ActiveCfg = Debug|Any CPU
		{28F931CA-7648-4F0E-90C1-5165B6EED3BF}.Debug|Any CPU.Build.0 = Debug|Any CPU
		{28F931CA-7648-4F0E-90C1-5165B6EED3BF}.Release|Any CPU.ActiveCfg = Release|Any CPU
		{28F931CA-7648-4F0E-90C1-5165B6EED3BF}.Release|Any CPU.Build.0 = Release|Any CPU
		{98E05333-E48D-4EB1-9EE9-03A14A268435}.Debug|Any CPU.ActiveCfg = Debug|Any CPU
		{98E05333-E48D-4EB1-9EE9-03A14A268435}.Debug|Any CPU.Build.0 = Debug|Any CPU
		{98E05333-E48D-4EB1-9EE9-03A14A268435}.Release|Any CPU.ActiveCfg = Release|Any CPU
		{98E05333-E48D-4EB1-9EE9-03A14A268435}.Release|Any CPU.Build.0 = Release|Any CPU
	EndGlobalSection
	GlobalSection(SolutionProperties) = preSolution
		HideSolutionNode = FALSE
	EndGlobalSection
	GlobalSection(NestedProjects) = preSolution
		{28F931CA-7648-4F0E-90C1-5165B6EED3BF} = {D6B087D5-83D0-4351-8C40-47F165A17A8B}
		{98E05333-E48D-4EB1-9EE9-03A14A268435} = {D6B087D5-83D0-4351-8C40-47F165A17A8B}
	EndGlobalSection
	GlobalSection(ExtensibilityGlobals) = postSolution
		SolutionGuid = {E6D785D9-BC61-4C0A-A913-43E11CE2650F}
	EndGlobalSection
EndGlobal
